// !$*UTF8*$!
{
	archiveVersion = 1;
	classes = {
	};
	objectVersion = 56;
	objects = {

/* Begin PBXBuildFile section */
		1BBAF7FCAA72AEE4A04A0301 /* Pods_ToDoCoreData.framework in Frameworks */ = {isa = PBXBuildFile; fileRef = B8403576E695503E679E0932 /* Pods_ToDoCoreData.framework */; };
		1EB79C7329F8317A0084B881 /* AppDelegate.swift in Sources */ = {isa = PBXBuildFile; fileRef = 1EB79C7229F8317A0084B881 /* AppDelegate.swift */; };
		1EB79C7529F8317A0084B881 /* SceneDelegate.swift in Sources */ = {isa = PBXBuildFile; fileRef = 1EB79C7429F8317A0084B881 /* SceneDelegate.swift */; };
		1EB79C7729F8317A0084B881 /* ViewController.swift in Sources */ = {isa = PBXBuildFile; fileRef = 1EB79C7629F8317A0084B881 /* ViewController.swift */; };
		1EB79C7A29F8317A0084B881 /* Main.storyboard in Resources */ = {isa = PBXBuildFile; fileRef = 1EB79C7829F8317A0084B881 /* Main.storyboard */; };
		1EB79C7C29F8317B0084B881 /* Assets.xcassets in Resources */ = {isa = PBXBuildFile; fileRef = 1EB79C7B29F8317B0084B881 /* Assets.xcassets */; };
		1EB79C7F29F8317B0084B881 /* LaunchScreen.storyboard in Resources */ = {isa = PBXBuildFile; fileRef = 1EB79C7D29F8317B0084B881 /* LaunchScreen.storyboard */; };
		1EB79C8829F832BE0084B881 /* MainCell.swift in Sources */ = {isa = PBXBuildFile; fileRef = 1EB79C8629F832BE0084B881 /* MainCell.swift */; };
		1EB79C8929F832BE0084B881 /* MainCell.xib in Resources */ = {isa = PBXBuildFile; fileRef = 1EB79C8729F832BE0084B881 /* MainCell.xib */; };
		1EB79C8F29FABF390084B881 /* ItemCell.swift in Sources */ = {isa = PBXBuildFile; fileRef = 1EB79C8E29FABF390084B881 /* ItemCell.swift */; };
		1EB79C9129FACA130084B881 /* DetailViewController.swift in Sources */ = {isa = PBXBuildFile; fileRef = 1EB79C9029FACA130084B881 /* DetailViewController.swift */; };
		1EB79C9329FDAFB90084B881 /* RealmDatabase.swift in Sources */ = {isa = PBXBuildFile; fileRef = 1EB79C9229FDAFB90084B881 /* RealmDatabase.swift */; };
		1EB79C9629FEA4210084B881 /* ExtensionDate.swift in Sources */ = {isa = PBXBuildFile; fileRef = 1EB79C9529FEA4210084B881 /* ExtensionDate.swift */; };
/* End PBXBuildFile section */

/* Begin PBXFileReference section */
		1EB79C6F29F8317A0084B881 /* ToDoCoreData.app */ = {isa = PBXFileReference; explicitFileType = wrapper.application; includeInIndex = 0; path = ToDoCoreData.app; sourceTree = BUILT_PRODUCTS_DIR; };
		1EB79C7229F8317A0084B881 /* AppDelegate.swift */ = {isa = PBXFileReference; lastKnownFileType = sourcecode.swift; path = AppDelegate.swift; sourceTree = "<group>"; };
		1EB79C7429F8317A0084B881 /* SceneDelegate.swift */ = {isa = PBXFileReference; lastKnownFileType = sourcecode.swift; path = SceneDelegate.swift; sourceTree = "<group>"; };
		1EB79C7629F8317A0084B881 /* ViewController.swift */ = {isa = PBXFileReference; lastKnownFileType = sourcecode.swift; path = ViewController.swift; sourceTree = "<group>"; };
		1EB79C7929F8317A0084B881 /* Base */ = {isa = PBXFileReference; lastKnownFileType = file.storyboard; name = Base; path = Base.lproj/Main.storyboard; sourceTree = "<group>"; };
		1EB79C7B29F8317B0084B881 /* Assets.xcassets */ = {isa = PBXFileReference; lastKnownFileType = folder.assetcatalog; path = Assets.xcassets; sourceTree = "<group>"; };
		1EB79C7E29F8317B0084B881 /* Base */ = {isa = PBXFileReference; lastKnownFileType = file.storyboard; name = Base; path = Base.lproj/LaunchScreen.storyboard; sourceTree = "<group>"; };
		1EB79C8029F8317B0084B881 /* Info.plist */ = {isa = PBXFileReference; lastKnownFileType = text.plist.xml; path = Info.plist; sourceTree = "<group>"; };
		1EB79C8629F832BE0084B881 /* MainCell.swift */ = {isa = PBXFileReference; lastKnownFileType = sourcecode.swift; path = MainCell.swift; sourceTree = "<group>"; };
		1EB79C8729F832BE0084B881 /* MainCell.xib */ = {isa = PBXFileReference; lastKnownFileType = file.xib; path = MainCell.xib; sourceTree = "<group>"; };
		1EB79C8E29FABF390084B881 /* ItemCell.swift */ = {isa = PBXFileReference; lastKnownFileType = sourcecode.swift; path = ItemCell.swift; sourceTree = "<group>"; };
		1EB79C9029FACA130084B881 /* DetailViewController.swift */ = {isa = PBXFileReference; lastKnownFileType = sourcecode.swift; path = DetailViewController.swift; sourceTree = "<group>"; };
		1EB79C9229FDAFB90084B881 /* RealmDatabase.swift */ = {isa = PBXFileReference; lastKnownFileType = sourcecode.swift; path = RealmDatabase.swift; sourceTree = "<group>"; };
		1EB79C9529FEA4210084B881 /* ExtensionDate.swift */ = {isa = PBXFileReference; lastKnownFileType = sourcecode.swift; path = ExtensionDate.swift; sourceTree = "<group>"; };
		86058DA7413E0B9C2AF235CA /* Pods-ToDoCoreData.release.xcconfig */ = {isa = PBXFileReference; includeInIndex = 1; lastKnownFileType = text.xcconfig; name = "Pods-ToDoCoreData.release.xcconfig"; path = "Target Support Files/Pods-ToDoCoreData/Pods-ToDoCoreData.release.xcconfig"; sourceTree = "<group>"; };
		B8403576E695503E679E0932 /* Pods_ToDoCoreData.framework */ = {isa = PBXFileReference; explicitFileType = wrapper.framework; includeInIndex = 0; path = Pods_ToDoCoreData.framework; sourceTree = BUILT_PRODUCTS_DIR; };
		F47E07FBB9C1513F4F645CBE /* Pods-ToDoCoreData.debug.xcconfig */ = {isa = PBXFileReference; includeInIndex = 1; lastKnownFileType = text.xcconfig; name = "Pods-ToDoCoreData.debug.xcconfig"; path = "Target Support Files/Pods-ToDoCoreData/Pods-ToDoCoreData.debug.xcconfig"; sourceTree = "<group>"; };
/* End PBXFileReference section */

/* Begin PBXFrameworksBuildPhase section */
		1EB79C6C29F8317A0084B881 /* Frameworks */ = {
			isa = PBXFrameworksBuildPhase;
			buildActionMask = 2147483647;
			files = (
				1BBAF7FCAA72AEE4A04A0301 /* Pods_ToDoCoreData.framework in Frameworks */,
			);
			runOnlyForDeploymentPostprocessing = 0;
		};
/* End PBXFrameworksBuildPhase section */

/* Begin PBXGroup section */
		1EB79C6629F8317A0084B881 = {
			isa = PBXGroup;
			children = (
				1EB79C7129F8317A0084B881 /* ToDoCoreData */,
				1EB79C7029F8317A0084B881 /* Products */,
				A8773B545D61A92E73C6D53A /* Pods */,
				FAF70FDA85E6A25BB13700B2 /* Frameworks */,
			);
			sourceTree = "<group>";
		};
		1EB79C7029F8317A0084B881 /* Products */ = {
			isa = PBXGroup;
			children = (
				1EB79C6F29F8317A0084B881 /* ToDoCoreData.app */,
			);
			name = Products;
			sourceTree = "<group>";
		};
		1EB79C7129F8317A0084B881 /* ToDoCoreData */ = {
			isa = PBXGroup;
			children = (
				1EB79C9429FEA4130084B881 /* Other File */,
				1EB79C8C29FABF0C0084B881 /* Controller */,
				1EB79C8B29FABF070084B881 /* View */,
				1EB79C8A29FABEFE0084B881 /* Model */,
				1EB79C7229F8317A0084B881 /* AppDelegate.swift */,
				1EB79C7429F8317A0084B881 /* SceneDelegate.swift */,
				1EB79C7B29F8317B0084B881 /* Assets.xcassets */,
				1EB79C7D29F8317B0084B881 /* LaunchScreen.storyboard */,
				1EB79C8029F8317B0084B881 /* Info.plist */,
			);
			path = ToDoCoreData;
			sourceTree = "<group>";
		};
		1EB79C8A29FABEFE0084B881 /* Model */ = {
			isa = PBXGroup;
			children = (
				1EB79C8E29FABF390084B881 /* ItemCell.swift */,
				1EB79C9229FDAFB90084B881 /* RealmDatabase.swift */,
			);
			path = Model;
			sourceTree = "<group>";
		};
		1EB79C8B29FABF070084B881 /* View */ = {
			isa = PBXGroup;
			children = (
				1EB79C8D29FABF1F0084B881 /* MainCell */,
				1EB79C7829F8317A0084B881 /* Main.storyboard */,
			);
			path = View;
			sourceTree = "<group>";
		};
		1EB79C8C29FABF0C0084B881 /* Controller */ = {
			isa = PBXGroup;
			children = (
				1EB79C7629F8317A0084B881 /* ViewController.swift */,
				1EB79C9029FACA130084B881 /* DetailViewController.swift */,
			);
			path = Controller;
			sourceTree = "<group>";
		};
		1EB79C8D29FABF1F0084B881 /* MainCell */ = {
			isa = PBXGroup;
			children = (
				1EB79C8629F832BE0084B881 /* MainCell.swift */,
				1EB79C8729F832BE0084B881 /* MainCell.xib */,
			);
			path = MainCell;
			sourceTree = "<group>";
		};
		1EB79C9429FEA4130084B881 /* Other File */ = {
			isa = PBXGroup;
			children = (
				1EB79C9529FEA4210084B881 /* ExtensionDate.swift */,
			);
			path = "Other File";
			sourceTree = "<group>";
		};
		A8773B545D61A92E73C6D53A /* Pods */ = {
			isa = PBXGroup;
			children = (
				F47E07FBB9C1513F4F645CBE /* Pods-ToDoCoreData.debug.xcconfig */,
				86058DA7413E0B9C2AF235CA /* Pods-ToDoCoreData.release.xcconfig */,
			);
			path = Pods;
			sourceTree = "<group>";
		};
		FAF70FDA85E6A25BB13700B2 /* Frameworks */ = {
			isa = PBXGroup;
			children = (
				B8403576E695503E679E0932 /* Pods_ToDoCoreData.framework */,
			);
			name = Frameworks;
			sourceTree = "<group>";
		};
/* End PBXGroup section */

/* Begin PBXNativeTarget section */
		1EB79C6E29F8317A0084B881 /* ToDoCoreData */ = {
			isa = PBXNativeTarget;
			buildConfigurationList = 1EB79C8329F8317B0084B881 /* Build configuration list for PBXNativeTarget "ToDoCoreData" */;
			buildPhases = (
				9EE6398AC29C9D31796969A6 /* [CP] Check Pods Manifest.lock */,
				1EB79C6B29F8317A0084B881 /* Sources */,
				1EB79C6C29F8317A0084B881 /* Frameworks */,
				1EB79C6D29F8317A0084B881 /* Resources */,
				CF9DC44C2E37BF7211A43A1F /* [CP] Embed Pods Frameworks */,
			);
			buildRules = (
			);
			dependencies = (
			);
			name = ToDoCoreData;
			productName = ToDoCoreData;
			productReference = 1EB79C6F29F8317A0084B881 /* ToDoCoreData.app */;
			productType = "com.apple.product-type.application";
		};
/* End PBXNativeTarget section */

/* Begin PBXProject section */
		1EB79C6729F8317A0084B881 /* Project object */ = {
			isa = PBXProject;
			attributes = {
				BuildIndependentTargetsInParallel = 1;
				LastSwiftUpdateCheck = 1400;
				LastUpgradeCheck = 1400;
				TargetAttributes = {
					1EB79C6E29F8317A0084B881 = {
						CreatedOnToolsVersion = 14.0.1;
					};
				};
			};
			buildConfigurationList = 1EB79C6A29F8317A0084B881 /* Build configuration list for PBXProject "ToDoCoreData" */;
			compatibilityVersion = "Xcode 14.0";
			developmentRegion = en;
			hasScannedForEncodings = 0;
			knownRegions = (
				en,
				Base,
			);
			mainGroup = 1EB79C6629F8317A0084B881;
			productRefGroup = 1EB79C7029F8317A0084B881 /* Products */;
			projectDirPath = "";
			projectRoot = "";
			targets = (
				1EB79C6E29F8317A0084B881 /* ToDoCoreData */,
			);
		};
/* End PBXProject section */

/* Begin PBXResourcesBuildPhase section */
		1EB79C6D29F8317A0084B881 /* Resources */ = {
			isa = PBXResourcesBuildPhase;
			buildActionMask = 2147483647;
			files = (
				1EB79C7F29F8317B0084B881 /* LaunchScreen.storyboard in Resources */,
				1EB79C7C29F8317B0084B881 /* Assets.xcassets in Resources */,
				1EB79C8929F832BE0084B881 /* MainCell.xib in Resources */,
				1EB79C7A29F8317A0084B881 /* Main.storyboard in Resources */,
			);
			runOnlyForDeploymentPostprocessing = 0;
		};
/* End PBXResourcesBuildPhase section */

/* Begin PBXShellScriptBuildPhase section */
		9EE6398AC29C9D31796969A6 /* [CP] Check Pods Manifest.lock */ = {
			isa = PBXShellScriptBuildPhase;
			buildActionMask = 2147483647;
			files = (
			);
			inputFileListPaths = (
			);
			inputPaths = (
				"${PODS_PODFILE_DIR_PATH}/Podfile.lock",
				"${PODS_ROOT}/Manifest.lock",
			);
			name = "[CP] Check Pods Manifest.lock";
			outputFileListPaths = (
			);
			outputPaths = (
				"$(DERIVED_FILE_DIR)/Pods-ToDoCoreData-checkManifestLockResult.txt",
			);
			runOnlyForDeploymentPostprocessing = 0;
			shellPath = /bin/sh;
			shellScript = "diff \"${PODS_PODFILE_DIR_PATH}/Podfile.lock\" \"${PODS_ROOT}/Manifest.lock\" > /dev/null\nif [ $? != 0 ] ; then\n    # print error to STDERR\n    echo \"error: The sandbox is not in sync with the Podfile.lock. Run 'pod install' or update your CocoaPods installation.\" >&2\n    exit 1\nfi\n# This output is used by Xcode 'outputs' to avoid re-running this script phase.\necho \"SUCCESS\" > \"${SCRIPT_OUTPUT_FILE_0}\"\n";
			showEnvVarsInLog = 0;
		};
		CF9DC44C2E37BF7211A43A1F /* [CP] Embed Pods Frameworks */ = {
			isa = PBXShellScriptBuildPhase;
			buildActionMask = 2147483647;
			files = (
			);
			inputFileListPaths = (
				"${PODS_ROOT}/Target Support Files/Pods-ToDoCoreData/Pods-ToDoCoreData-frameworks-${CONFIGURATION}-input-files.xcfilelist",
			);
			name = "[CP] Embed Pods Frameworks";
			outputFileListPaths = (
				"${PODS_ROOT}/Target Support Files/Pods-ToDoCoreData/Pods-ToDoCoreData-frameworks-${CONFIGURATION}-output-files.xcfilelist",
			);
			runOnlyForDeploymentPostprocessing = 0;
			shellPath = /bin/sh;
			shellScript = "\"${PODS_ROOT}/Target Support Files/Pods-ToDoCoreData/Pods-ToDoCoreData-frameworks.sh\"\n";
			showEnvVarsInLog = 0;
		};
/* End PBXShellScriptBuildPhase section */

/* Begin PBXSourcesBuildPhase section */
		1EB79C6B29F8317A0084B881 /* Sources */ = {
			isa = PBXSourcesBuildPhase;
			buildActionMask = 2147483647;
			files = (
				1EB79C7729F8317A0084B881 /* ViewController.swift in Sources */,
				1EB79C9629FEA4210084B881 /* ExtensionDate.swift in Sources */,
				1EB79C9329FDAFB90084B881 /* RealmDatabase.swift in Sources */,
				1EB79C7329F8317A0084B881 /* AppDelegate.swift in Sources */,
				1EB79C8829F832BE0084B881 /* MainCell.swift in Sources */,
				1EB79C9129FACA130084B881 /* DetailViewController.swift in Sources */,
				1EB79C7529F8317A0084B881 /* SceneDelegate.swift in Sources */,
				1EB79C8F29FABF390084B881 /* ItemCell.swift in Sources */,
			);
			runOnlyForDeploymentPostprocessing = 0;
		};
/* End PBXSourcesBuildPhase section */

/* Begin PBXVariantGroup section */
		1EB79C7829F8317A0084B881 /* Main.storyboard */ = {
			isa = PBXVariantGroup;
			children = (
				1EB79C7929F8317A0084B881 /* Base */,
			);
			name = Main.storyboard;
			sourceTree = "<group>";
		};
		1EB79C7D29F8317B0084B881 /* LaunchScreen.storyboard */ = {
			isa = PBXVariantGroup;
			children = (
				1EB79C7E29F8317B0084B881 /* Base */,
			);
			name = LaunchScreen.storyboard;
			sourceTree = "<group>";
		};
/* End PBXVariantGroup section */

/* Begin XCBuildConfiguration section */
		1EB79C8129F8317B0084B881 /* Debug */ = {
			isa = XCBuildConfiguration;
			buildSettings = {
				ALWAYS_SEARCH_USER_PATHS = NO;
				CLANG_ANALYZER_NONNULL = YES;
				CLANG_ANALYZER_NUMBER_OBJECT_CONVERSION = YES_AGGRESSIVE;
				CLANG_CXX_LANGUAGE_STANDARD = "gnu++20";
				CLANG_ENABLE_MODULES = YES;
				CLANG_ENABLE_OBJC_ARC = YES;
				CLANG_ENABLE_OBJC_WEAK = YES;
				CLANG_WARN_BLOCK_CAPTURE_AUTORELEASING = YES;
				CLANG_WARN_BOOL_CONVERSION = YES;
				CLANG_WARN_COMMA = YES;
				CLANG_WARN_CONSTANT_CONVERSION = YES;
				CLANG_WARN_DEPRECATED_OBJC_IMPLEMENTATIONS = YES;
				CLANG_WARN_DIRECT_OBJC_ISA_USAGE = YES_ERROR;
				CLANG_WARN_DOCUMENTATION_COMMENTS = YES;
				CLANG_WARN_EMPTY_BODY = YES;
				CLANG_WARN_ENUM_CONVERSION = YES;
				CLANG_WARN_INFINITE_RECURSION = YES;
				CLANG_WARN_INT_CONVERSION = YES;
				CLANG_WARN_NON_LITERAL_NULL_CONVERSION = YES;
				CLANG_WARN_OBJC_IMPLICIT_RETAIN_SELF = YES;
				CLANG_WARN_OBJC_LITERAL_CONVERSION = YES;
				CLANG_WARN_OBJC_ROOT_CLASS = YES_ERROR;
				CLANG_WARN_QUOTED_INCLUDE_IN_FRAMEWORK_HEADER = YES;
				CLANG_WARN_RANGE_LOOP_ANALYSIS = YES;
				CLANG_WARN_STRICT_PROTOTYPES = YES;
				CLANG_WARN_SUSPICIOUS_MOVE = YES;
				CLANG_WARN_UNGUARDED_AVAILABILITY = YES_AGGRESSIVE;
				CLANG_WARN_UNREACHABLE_CODE = YES;
				CLANG_WARN__DUPLICATE_METHOD_MATCH = YES;
				COPY_PHASE_STRIP = NO;
				DEBUG_INFORMATION_FORMAT = dwarf;
				ENABLE_STRICT_OBJC_MSGSEND = YES;
				ENABLE_TESTABILITY = YES;
				GCC_C_LANGUAGE_STANDARD = gnu11;
				GCC_DYNAMIC_NO_PIC = NO;
				GCC_NO_COMMON_BLOCKS = YES;
				GCC_OPTIMIZATION_LEVEL = 0;
				GCC_PREPROCESSOR_DEFINITIONS = (
					"DEBUG=1",
					"$(inherited)",
				);
				GCC_WARN_64_TO_32_BIT_CONVERSION = YES;
				GCC_WARN_ABOUT_RETURN_TYPE = YES_ERROR;
				GCC_WARN_UNDECLARED_SELECTOR = YES;
				GCC_WARN_UNINITIALIZED_AUTOS = YES_AGGRESSIVE;
				GCC_WARN_UNUSED_FUNCTION = YES;
				GCC_WARN_UNUSED_VARIABLE = YES;
				IPHONEOS_DEPLOYMENT_TARGET = 16.0;
				MTL_ENABLE_DEBUG_INFO = INCLUDE_SOURCE;
				MTL_FAST_MATH = YES;
				ONLY_ACTIVE_ARCH = YES;
				SDKROOT = iphoneos;
				SWIFT_ACTIVE_COMPILATION_CONDITIONS = DEBUG;
				SWIFT_OPTIMIZATION_LEVEL = "-Onone";
			};
			name = Debug;
		};
		1EB79C8229F8317B0084B881 /* Release */ = {
			isa = XCBuildConfiguration;
			buildSettings = {
				ALWAYS_SEARCH_USER_PATHS = NO;
				CLANG_ANALYZER_NONNULL = YES;
				CLANG_ANALYZER_NUMBER_OBJECT_CONVERSION = YES_AGGRESSIVE;
				CLANG_CXX_LANGUAGE_STANDARD = "gnu++20";
				CLANG_ENABLE_MODULES = YES;
				CLANG_ENABLE_OBJC_ARC = YES;
				CLANG_ENABLE_OBJC_WEAK = YES;
				CLANG_WARN_BLOCK_CAPTURE_AUTORELEASING = YES;
				CLANG_WARN_BOOL_CONVERSION = YES;
				CLANG_WARN_COMMA = YES;
				CLANG_WARN_CONSTANT_CONVERSION = YES;
				CLANG_WARN_DEPRECATED_OBJC_IMPLEMENTATIONS = YES;
				CLANG_WARN_DIRECT_OBJC_ISA_USAGE = YES_ERROR;
				CLANG_WARN_DOCUMENTATION_COMMENTS = YES;
				CLANG_WARN_EMPTY_BODY = YES;
				CLANG_WARN_ENUM_CONVERSION = YES;
				CLANG_WARN_INFINITE_RECURSION = YES;
				CLANG_WARN_INT_CONVERSION = YES;
				CLANG_WARN_NON_LITERAL_NULL_CONVERSION = YES;
				CLANG_WARN_OBJC_IMPLICIT_RETAIN_SELF = YES;
				CLANG_WARN_OBJC_LITERAL_CONVERSION = YES;
				CLANG_WARN_OBJC_ROOT_CLASS = YES_ERROR;
				CLANG_WARN_QUOTED_INCLUDE_IN_FRAMEWORK_HEADER = YES;
				CLANG_WARN_RANGE_LOOP_ANALYSIS = YES;
				CLANG_WARN_STRICT_PROTOTYPES = YES;
				CLANG_WARN_SUSPICIOUS_MOVE = YES;
				CLANG_WARN_UNGUARDED_AVAILABILITY = YES_AGGRESSIVE;
				CLANG_WARN_UNREACHABLE_CODE = YES;
				CLANG_WARN__DUPLICATE_METHOD_MATCH = YES;
				COPY_PHASE_STRIP = NO;
				DEBUG_INFORMATION_FORMAT = "dwarf-with-dsym";
				ENABLE_NS_ASSERTIONS = NO;
				ENABLE_STRICT_OBJC_MSGSEND = YES;
				GCC_C_LANGUAGE_STANDARD = gnu11;
				GCC_NO_COMMON_BLOCKS = YES;
				GCC_WARN_64_TO_32_BIT_CONVERSION = YES;
				GCC_WARN_ABOUT_RETURN_TYPE = YES_ERROR;
				GCC_WARN_UNDECLARED_SELECTOR = YES;
				GCC_WARN_UNINITIALIZED_AUTOS = YES_AGGRESSIVE;
				GCC_WARN_UNUSED_FUNCTION = YES;
				GCC_WARN_UNUSED_VARIABLE = YES;
				IPHONEOS_DEPLOYMENT_TARGET = 16.0;
				MTL_ENABLE_DEBUG_INFO = NO;
				MTL_FAST_MATH = YES;
				SDKROOT = iphoneos;
				SWIFT_COMPILATION_MODE = wholemodule;
				SWIFT_OPTIMIZATION_LEVEL = "-O";
				VALIDATE_PRODUCT = YES;
			};
			name = Release;
		};
		1EB79C8429F8317B0084B881 /* Debug */ = {
			isa = XCBuildConfiguration;
			baseConfigurationReference = F47E07FBB9C1513F4F645CBE /* Pods-ToDoCoreData.debug.xcconfig */;
			buildSettings = {
				ASSETCATALOG_COMPILER_APPICON_NAME = AppIcon;
				ASSETCATALOG_COMPILER_GLOBAL_ACCENT_COLOR_NAME = AccentColor;
				CODE_SIGN_STYLE = Automatic;
				CURRENT_PROJECT_VERSION = 1;
				GENERATE_INFOPLIST_FILE = YES;
				INFOPLIST_FILE = ToDoCoreData/Info.plist;
				INFOPLIST_KEY_UIApplicationSupportsIndirectInputEvents = YES;
				INFOPLIST_KEY_UILaunchStoryboardName = LaunchScreen;
				INFOPLIST_KEY_UIMainStoryboardFile = Main;
				INFOPLIST_KEY_UISupportedInterfaceOrientations_iPad = "UIInterfaceOrientationPortrait UIInterfaceOrientationPortraitUpsideDown UIInterfaceOrientationLandscapeLeft UIInterfaceOrientationLandscapeRight";
				INFOPLIST_KEY_UISupportedInterfaceOrientations_iPhone = "UIInterfaceOrientationPortrait UIInterfaceOrientationLandscapeLeft UIInterfaceOrientationLandscapeRight";
				LD_RUNPATH_SEARCH_PATHS = (
					"$(inherited)",
					"@executable_path/Frameworks",
				);
				MARKETING_VERSION = 1.0;
				PRODUCT_BUNDLE_IDENTIFIER = com.TungLe.ToDoCoreData;
				PRODUCT_NAME = "$(TARGET_NAME)";
				SWIFT_EMIT_LOC_STRINGS = YES;
				SWIFT_VERSION = 5.0;
				TARGETED_DEVICE_FAMILY = "1,2";
			};
			name = Debug;
		};
		1EB79C8529F8317B0084B881 /* Release */ = {
			isa = XCBuildConfiguration;
			baseConfigurationReference = 86058DA7413E0B9C2AF235CA /* Pods-ToDoCoreData.release.xcconfig */;
			buildSettings = {
				ASSETCATALOG_COMPILER_APPICON_NAME = AppIcon;
				ASSETCATALOG_COMPILER_GLOBAL_ACCENT_COLOR_NAME = AccentColor;
				CODE_SIGN_STYLE = Automatic;
				CURRENT_PROJECT_VERSION = 1;
				GENERATE_INFOPLIST_FILE = YES;
				INFOPLIST_FILE = ToDoCoreData/Info.plist;
				INFOPLIST_KEY_UIApplicationSupportsIndirectInputEvents = YES;
				INFOPLIST_KEY_UILaunchStoryboardName = LaunchScreen;
				INFOPLIST_KEY_UIMainStoryboardFile = Main;
				INFOPLIST_KEY_UISupportedInterfaceOrientations_iPad = "UIInterfaceOrientationPortrait UIInterfaceOrientationPortraitUpsideDown UIInterfaceOrientationLandscapeLeft UIInterfaceOrientationLandscapeRight";
				INFOPLIST_KEY_UISupportedInterfaceOrientations_iPhone = "UIInterfaceOrientationPortrait UIInterfaceOrientationLandscapeLeft UIInterfaceOrientationLandscapeRight";
				LD_RUNPATH_SEARCH_PATHS = (
					"$(inherited)",
					"@executable_path/Frameworks",
				);
				MARKETING_VERSION = 1.0;
				PRODUCT_BUNDLE_IDENTIFIER = com.TungLe.ToDoCoreData;
				PRODUCT_NAME = "$(TARGET_NAME)";
				SWIFT_EMIT_LOC_STRINGS = YES;
				SWIFT_VERSION = 5.0;
				TARGETED_DEVICE_FAMILY = "1,2";
			};
			name = Release;
		};
/* End XCBuildConfiguration section */

/* Begin XCConfigurationList section */
		1EB79C6A29F8317A0084B881 /* Build configuration list for PBXProject "ToDoCoreData" */ = {
			isa = XCConfigurationList;
			buildConfigurations = (
				1EB79C8129F8317B0084B881 /* Debug */,
				1EB79C8229F8317B0084B881 /* Release */,
			);
			defaultConfigurationIsVisible = 0;
			defaultConfigurationName = Release;
		};
		1EB79C8329F8317B0084B881 /* Build configuration list for PBXNativeTarget "ToDoCoreData" */ = {
			isa = XCConfigurationList;
			buildConfigurations = (
				1EB79C8429F8317B0084B881 /* Debug */,
				1EB79C8529F8317B0084B881 /* Release */,
			);
			defaultConfigurationIsVisible = 0;
			defaultConfigurationName = Release;
		};
/* End XCConfigurationList section */
	};
	rootObject = 1EB79C6729F8317A0084B881 /* Project object */;
}
